
Microsoft Visual Studio Solution File, Format Version 12.00
# Visual Studio Version 17
VisualStudioVersion = 17.11.35312.102
MinimumVisualStudioVersion = 10.0.40219.1
Project("{FAE04EC0-301F-11D3-BF4B-00C04F79EFBC}") = "324llfsadlf", "324llfsadlf\324llfsadlf.csproj", "{5370704C-D851-430F-A8BE-FD3BEAA940F9}"
EndProject
Global
	GlobalSection(SolutionConfigurationPlatforms) = preSolution
		Debug|Any CPU = Debug|Any CPU
		Release|Any CPU = Release|Any CPU
	EndGlobalSection
	GlobalSection(ProjectConfigurationPlatforms) = postSolution
		{5370704C-D851-430F-A8BE-FD3BEAA940F9}.Debug|Any CPU.ActiveCfg = Debug|Any CPU
		{5370704C-D851-430F-A8BE-FD3BEAA940F9}.Debug|Any CPU.Build.0 = Debug|Any CPU
		{5370704C-D851-430F-A8BE-FD3BEAA940F9}.Release|Any CPU.ActiveCfg = Release|Any CPU
		{5370704C-D851-430F-A8BE-FD3BEAA940F9}.Release|Any CPU.Build.0 = Release|Any CPU
	EndGlobalSection
	GlobalSection(SolutionProperties) = preSolution
		HideSolutionNode = FALSE
	EndGlobalSection
	GlobalSection(ExtensibilityGlobals) = postSolution
		SolutionGuid = {8352692E-B716-4817-8D70-0064B5D608B1}
	EndGlobalSection
EndGlobal
